{
  "version": 1,
  "dependencies": {
    "net7.0": {
      "GitVersionTask": {
        "type": "Direct",
        "requested": "[5.5.1, )",
        "resolved": "5.5.1",
        "contentHash": "eU5PgmGGLh8qFEufW6Y+NxanA4Qp1mDGOIuM59jf/0XJrSSZSJ2RwLacKNTh3lufduaF3nv6PS47G6UUOxNOdQ=="
      },
      "log4net": {
        "type": "Direct",
        "requested": "[2.0.15, )",
        "resolved": "2.0.15",
        "contentHash": "GahnO9ZgFka+xYcFwAfIFjW+k86P2nxFoaEpH6t3v4hiGj7tv2ksVZphxCVIHmJxoySS0HeU3dgCW+bSCcfD0A==",
        "dependencies": {
          "System.Configuration.ConfigurationManager": "4.5.0"
        }
      },
      "Microsoft.NetCore.Analyzers": {
        "type": "Direct",
        "requested": "[3.3.2, )",
        "resolved": "3.3.2",
        "contentHash": "L9lU2E9SaK8znn8ZkstOx8jjpYmsBTvt3xIW6btPM/Fi8m7zSK80itHV0p6f23q84uvyXS8ibECjP0Vra99zsQ=="
      },
      "Microsoft.SourceLink.GitHub": {
        "type": "Direct",
        "requested": "[1.1.1, )",
        "resolved": "1.1.1",
        "contentHash": "IaJGnOv/M7UQjRJks7B6p7pbPnOwisYGOIzqCz5ilGFTApZ3ktOR+6zJ12ZRPInulBmdAf1SrGdDG2MU8g6XTw==",
        "dependencies": {
          "Microsoft.Build.Tasks.Git": "1.1.1",
          "Microsoft.SourceLink.Common": "1.1.1"
        }
      },
      "MQTTnet": {
        "type": "Direct",
        "requested": "[4.3.1.873, )",
        "resolved": "4.3.1.873",
        "contentHash": "5Btmzjv9TWQewlHL6QPB3/deTxAfHf0cR1ixehH/4311oKUpiYrgt1uQZFTbyBWjR7zVKv1U3+s4o3IPm/++Ww=="
      },
      "Microsoft.Build.Tasks.Git": {
        "type": "Transitive",
        "resolved": "1.1.1",
        "contentHash": "AT3HlgTjsqHnWpBHSNeR0KxbLZD7bztlZVj7I8vgeYG9SYqbeFGh0TM/KVtC6fg53nrWHl3VfZFvb5BiQFcY6Q=="
      },
      "Microsoft.CSharp": {
        "type": "Transitive",
        "resolved": "4.5.0",
        "contentHash": "kaj6Wb4qoMuH3HySFJhxwQfe8R/sJsNJnANrvv8WdFPMoNbKY5htfNscv+LHCu5ipz+49m2e+WQXpLXr9XYemQ=="
      },
      "Microsoft.Extensions.Configuration": {
        "type": "Transitive",
        "resolved": "7.0.0",
        "contentHash": "tldQUBWt/xeH2K7/hMPPo5g8zuLc3Ro9I5d4o/XrxvxOCA2EZBtW7bCHHTc49fcBtvB8tLAb/Qsmfrq+2SJ4vA==",
        "dependencies": {
          "Microsoft.Extensions.Configuration.Abstractions": "7.0.0",
          "Microsoft.Extensions.Primitives": "7.0.0"
        }
      },
      "Microsoft.Extensions.Configuration.Abstractions": {
        "type": "Transitive",
        "resolved": "7.0.0",
        "contentHash": "f34u2eaqIjNO9YLHBz8rozVZ+TcFiFs0F3r7nUJd7FRkVSxk8u4OpoK226mi49MwexHOR2ibP9MFvRUaLilcQQ==",
        "dependencies": {
          "Microsoft.Extensions.Primitives": "7.0.0"
        }
      },
      "Microsoft.Extensions.Configuration.Binder": {
        "type": "Transitive",
        "resolved": "7.0.4",
        "contentHash": "8+XPvJnHZsYgHOQlcMuQe7QNF5KdVKHH1F/wW3nd8/u81Gk/XFAYMDP0Lpz18h7/AM95M662vvqMorcYxCBB4w==",
        "dependencies": {
          "Microsoft.Extensions.Configuration.Abstractions": "7.0.0"
        }
      },
      "Microsoft.Extensions.Configuration.CommandLine": {
        "type": "Transitive",
        "resolved": "7.0.0",
        "contentHash": "a8Iq8SCw5m8W5pZJcPCgBpBO4E89+NaObPng+ApIhrGSv9X4JPrcFAaGM4sDgR0X83uhLgsNJq8VnGP/wqhr8A==",
        "dependencies": {
          "Microsoft.Extensions.Configuration": "7.0.0",
          "Microsoft.Extensions.Configuration.Abstractions": "7.0.0"
        }
      },
      "Microsoft.Extensions.Configuration.FileExtensions": {
        "type": "Transitive",
        "resolved": "7.0.0",
        "contentHash": "xk2lRJ1RDuqe57BmgvRPyCt6zyePKUmvT6iuXqiHR+/OIIgWVR8Ff5k2p6DwmqY8a17hx/OnrekEhziEIeQP6Q==",
        "dependencies": {
          "Microsoft.Extensions.Configuration": "7.0.0",
          "Microsoft.Extensions.Configuration.Abstractions": "7.0.0",
          "Microsoft.Extensions.FileProviders.Abstractions": "7.0.0",
          "Microsoft.Extensions.FileProviders.Physical": "7.0.0",
          "Microsoft.Extensions.Primitives": "7.0.0"
        }
      },
      "Microsoft.Extensions.Configuration.Json": {
        "type": "Transitive",
        "resolved": "7.0.0",
        "contentHash": "LDNYe3uw76W35Jci+be4LDf2lkQZe0A7EEYQVChFbc509CpZ4Iupod8li4PUXPBhEUOFI/rlQNf5xkzJRQGvtA==",
        "dependencies": {
          "Microsoft.Extensions.Configuration": "7.0.0",
          "Microsoft.Extensions.Configuration.Abstractions": "7.0.0",
          "Microsoft.Extensions.Configuration.FileExtensions": "7.0.0",
          "Microsoft.Extensions.FileProviders.Abstractions": "7.0.0",
          "System.Text.Json": "7.0.0"
        }
      },
      "Microsoft.Extensions.DependencyInjection": {
        "type": "Transitive",
        "resolved": "7.0.0",
        "contentHash": "elNeOmkeX3eDVG6pYVeV82p29hr+UKDaBhrZyWvWLw/EVZSYEkZlQdkp0V39k/Xehs2Qa0mvoCvkVj3eQxNQ1Q==",
        "dependencies": {
          "Microsoft.Extensions.DependencyInjection.Abstractions": "7.0.0"
        }
      },
      "Microsoft.Extensions.DependencyInjection.Abstractions": {
        "type": "Transitive",
        "resolved": "7.0.0",
        "contentHash": "h3j/QfmFN4S0w4C2A6X7arXij/M/OVw3uQHSOFxnND4DyAzO1F9eMX7Eti7lU/OkSthEE0WzRsfT/Dmx86jzCw=="
      },
      "Microsoft.Extensions.FileProviders.Abstractions": {
        "type": "Transitive",
        "resolved": "7.0.0",
        "contentHash": "NyawiW9ZT/liQb34k9YqBSNPLuuPkrjMgQZ24Y/xXX1RoiBkLUdPMaQTmxhZ5TYu8ZKZ9qayzil75JX95vGQUg==",
        "dependencies": {
          "Microsoft.Extensions.Primitives": "7.0.0"
        }
      },
      "Microsoft.Extensions.FileProviders.Physical": {
        "type": "Transitive",
        "resolved": "7.0.0",
        "contentHash": "K8D2MTR+EtzkbZ8z80LrG7Ur64R7ZZdRLt1J5cgpc/pUWl0C6IkAUapPuK28oionHueCPELUqq0oYEvZfalNdg==",
        "dependencies": {
          "Microsoft.Extensions.FileProviders.Abstractions": "7.0.0",
          "Microsoft.Extensions.FileSystemGlobbing": "7.0.0",
          "Microsoft.Extensions.Primitives": "7.0.0"
        }
      },
      "Microsoft.Extensions.FileSystemGlobbing": {
        "type": "Transitive",
        "resolved": "7.0.0",
        "contentHash": "2jONjKHiF+E92ynz2ZFcr9OvxIw+rTGMPEH+UZGeHTEComVav93jQUWGkso8yWwVBcEJGcNcZAaqY01FFJcj7w=="
      },
      "Microsoft.Extensions.Primitives": {
        "type": "Transitive",
        "resolved": "7.0.0",
        "contentHash": "um1KU5kxcRp3CNuI8o/GrZtD4AIOXDk+RLsytjZ9QPok3ttLUelLKpilVPuaFT3TFjOhSibUAso0odbOaCDj3Q=="
      },
      "Microsoft.IdentityModel.Abstractions": {
        "type": "Transitive",
        "resolved": "6.32.3",
        "contentHash": "yN4PqbD878fzSufoM3MPLLi/pIA10vrejOeM1u7QExqbz+dlYsyeiBu/ocreZyZq/m8Mx1VroHSoxTYzNrTjKw=="
      },
      "Microsoft.IdentityModel.JsonWebTokens": {
        "type": "Transitive",
        "resolved": "6.32.3",
        "contentHash": "WTvzvyOjdFMr14oYeO/QYWTivVhz6Is4En3Xj2PtXrI0ABagMy9bYv3nmoQOY0eJHj98TCUc7mlAVF780sxKkw==",
        "dependencies": {
          "Microsoft.IdentityModel.Tokens": "6.32.3",
          "System.Text.Encoding": "4.3.0",
          "System.Text.Encodings.Web": "4.7.2",
          "System.Text.Json": "4.7.2"
        }
      },
      "Microsoft.IdentityModel.Logging": {
        "type": "Transitive",
        "resolved": "6.32.3",
        "contentHash": "J6GnV7mkh+M4Bk/MOQ/8fM+4L+EOGx3NI9IPB5MCfFPMx/RFGAGt8jFXVZSwF9mg7gd6BxwY3eQFwMmoypU6tw==",
        "dependencies": {
          "Microsoft.IdentityModel.Abstractions": "6.32.3"
        }
      },
      "Microsoft.IdentityModel.Tokens": {
        "type": "Transitive",
        "resolved": "6.32.3",
        "contentHash": "WDVrvmrtOuYo7KRs5HCZkxRfFfRALLAHWQhT+cxLxx1sUNXb/v4ASrA0VAiAFbYTDpUHOl6j5UgSwSlc+sHm9g==",
        "dependencies": {
          "Microsoft.CSharp": "4.5.0",
          "Microsoft.IdentityModel.Logging": "6.32.3",
          "System.Security.Cryptography.Cng": "4.5.0"
        }
      },
      "Microsoft.NETCore.Platforms": {
        "type": "Transitive",
        "resolved": "2.0.0",
        "contentHash": "VdLJOCXhZaEMY7Hm2GKiULmn7IEPFE4XC5LPSfBVCUIA8YLZVh846gtfBJalsPQF2PlzdD7ecX7DZEulJ402ZQ=="
      },
      "Microsoft.NETCore.Targets": {
        "type": "Transitive",
        "resolved": "1.1.0",
        "contentHash": "aOZA3BWfz9RXjpzt0sRJJMjAscAUm3Hoa4UWAfceV9UTYxgwZ1lZt5nO2myFf+/jetYQo4uTP7zS8sJY67BBxg=="
      },
      "Microsoft.SourceLink.Common": {
        "type": "Transitive",
        "resolved": "1.1.1",
        "contentHash": "WMcGpWKrmJmzrNeuaEb23bEMnbtR/vLmvZtkAP5qWu7vQsY59GqfRJd65sFpBszbd2k/bQ8cs8eWawQKAabkVg=="
      },
      "Newtonsoft.Json": {
        "type": "Transitive",
        "resolved": "13.0.3",
        "contentHash": "HrC5BXdl00IP9zeV+0Z848QWPAoCr9P3bDEZguI+gkLcBKAOxix/tLEAAHC+UvDNPv4a2d18lOReHMOagPa+zQ=="
      },
      "System.Configuration.ConfigurationManager": {
        "type": "Transitive",
        "resolved": "4.5.0",
        "contentHash": "UIFvaFfuKhLr9u5tWMxmVoDPkFeD+Qv8gUuap4aZgVGYSYMdERck4OhLN/2gulAc0nYTEigWXSJNNWshrmxnng==",
        "dependencies": {
          "System.Security.Cryptography.ProtectedData": "4.5.0",
          "System.Security.Permissions": "4.5.0"
        }
      },
      "System.IdentityModel.Tokens.Jwt": {
        "type": "Transitive",
        "resolved": "6.32.3",
        "contentHash": "SJ6eyEtfzdKMCaWEg4FRC+Ofv0tA/ww9+hhDgL7UTr0QW9cmL0gAfAQFWrHbz8AQcwKKfry0TYhISJ/RsUfWiA==",
        "dependencies": {
          "Microsoft.IdentityModel.JsonWebTokens": "6.32.3",
          "Microsoft.IdentityModel.Tokens": "6.32.3"
        }
      },
      "System.Runtime": {
        "type": "Transitive",
        "resolved": "4.3.0",
        "contentHash": "JufQi0vPQ0xGnAczR13AUFglDyVYt4Kqnz1AZaiKZ5+GICq0/1MH/mO/eAJHt/mHW1zjKBJd7kV26SrxddAhiw==",
        "dependencies": {
          "Microsoft.NETCore.Platforms": "1.1.0",
          "Microsoft.NETCore.Targets": "1.1.0"
        }
      },
      "System.Security.AccessControl": {
        "type": "Transitive",
        "resolved": "4.5.0",
        "contentHash": "vW8Eoq0TMyz5vAG/6ce483x/CP83fgm4SJe5P8Tb1tZaobcvPrbMEL7rhH1DRdrYbbb6F0vq3OlzmK0Pkwks5A==",
        "dependencies": {
          "Microsoft.NETCore.Platforms": "2.0.0",
          "System.Security.Principal.Windows": "4.5.0"
        }
      },
      "System.Security.Cryptography.Cng": {
        "type": "Transitive",
        "resolved": "4.5.0",
        "contentHash": "WG3r7EyjUe9CMPFSs6bty5doUqT+q9pbI80hlNzo2SkPkZ4VTuZkGWjpp77JB8+uaL4DFPRdBsAY+DX3dBK92A=="
      },
      "System.Security.Cryptography.ProtectedData": {
        "type": "Transitive",
        "resolved": "4.5.0",
        "contentHash": "wLBKzFnDCxP12VL9ANydSYhk59fC4cvOr9ypYQLPnAj48NQIhqnjdD2yhP8yEKyBJEjERWS9DisKL7rX5eU25Q=="
      },
      "System.Security.Permissions": {
        "type": "Transitive",
        "resolved": "4.5.0",
        "contentHash": "9gdyuARhUR7H+p5CjyUB/zPk7/Xut3wUSP8NJQB6iZr8L3XUXTMdoLeVAg9N4rqF8oIpE7MpdqHdDHQ7XgJe0g==",
        "dependencies": {
          "System.Security.AccessControl": "4.5.0"
        }
      },
      "System.Security.Principal.Windows": {
        "type": "Transitive",
        "resolved": "4.5.0",
        "contentHash": "U77HfRXlZlOeIXd//Yoj6Jnk8AXlbeisf1oq1os+hxOGVnuG+lGSfGqTwTZBoORFF6j/0q7HXIl8cqwQ9aUGqQ==",
        "dependencies": {
          "Microsoft.NETCore.Platforms": "2.0.0"
        }
      },
      "System.Text.Encoding": {
        "type": "Transitive",
        "resolved": "4.3.0",
        "contentHash": "BiIg+KWaSDOITze6jGQynxg64naAPtqGHBwDrLaCtixsa5bKiR8dpPOHA7ge3C0JJQizJE+sfkz1wV+BAKAYZw==",
        "dependencies": {
          "Microsoft.NETCore.Platforms": "1.1.0",
          "Microsoft.NETCore.Targets": "1.1.0",
          "System.Runtime": "4.3.0"
        }
      },
      "System.Text.Encodings.Web": {
        "type": "Transitive",
        "resolved": "7.0.0",
        "contentHash": "OP6umVGxc0Z0MvZQBVigj4/U31Pw72ITihDWP9WiWDm+q5aoe0GaJivsfYGq53o6dxH7DcXWiCTl7+0o2CGdmg=="
      },
      "System.Text.Json": {
        "type": "Transitive",
        "resolved": "7.0.0",
        "contentHash": "DaGSsVqKsn/ia6RG8frjwmJonfos0srquhw09TlT8KRw5I43E+4gs+/bZj4K0vShJ5H9imCuXupb4RmS+dBy3w==",
        "dependencies": {
          "System.Text.Encodings.Web": "7.0.0"
        }
      },
      "opc.ua.pubsub.dotnet.binary": {
        "type": "Project",
        "dependencies": {
          "Newtonsoft.Json": "[13.0.3, )",
          "log4net": "[2.0.15, )"
        }
      },
      "opc.ua.pubsub.dotnet.client": {
        "type": "Project",
        "dependencies": {
          "MQTTnet": "[4.3.1.873, )",
          "Microsoft.Extensions.Configuration.Binder": "[7.0.4, )",
          "Microsoft.Extensions.Configuration.CommandLine": "[7.0.0, )",
          "Microsoft.Extensions.Configuration.Json": "[7.0.0, )",
          "Microsoft.Extensions.DependencyInjection": "[7.0.0, )",
          "Microsoft.IdentityModel.Tokens": "[6.32.3, )",
          "Newtonsoft.Json": "[13.0.3, )",
          "System.IdentityModel.Tokens.Jwt": "[6.32.3, )",
          "log4net": "[2.0.15, )",
          "opc.ua.pubsub.dotnet.binary": "[1.0.0, )"
        }
      }
    }
  }
}