{
  "version": 1,
  "dependencies": {
    "net6.0": {
      "GitVersionTask": {
        "type": "Direct",
        "requested": "[5.5.1, )",
        "resolved": "5.5.1",
        "contentHash": "eU5PgmGGLh8qFEufW6Y+NxanA4Qp1mDGOIuM59jf/0XJrSSZSJ2RwLacKNTh3lufduaF3nv6PS47G6UUOxNOdQ=="
      },
      "log4net": {
        "type": "Direct",
        "requested": "[2.0.15, )",
        "resolved": "2.0.15",
        "contentHash": "GahnO9ZgFka+xYcFwAfIFjW+k86P2nxFoaEpH6t3v4hiGj7tv2ksVZphxCVIHmJxoySS0HeU3dgCW+bSCcfD0A==",
        "dependencies": {
          "System.Configuration.ConfigurationManager": "4.5.0"
        }
      },
      "Microsoft.NetCore.Analyzers": {
        "type": "Direct",
        "requested": "[3.3.2, )",
        "resolved": "3.3.2",
        "contentHash": "L9lU2E9SaK8znn8ZkstOx8jjpYmsBTvt3xIW6btPM/Fi8m7zSK80itHV0p6f23q84uvyXS8ibECjP0Vra99zsQ=="
      },
      "Microsoft.SourceLink.GitHub": {
        "type": "Direct",
        "requested": "[1.1.1, )",
        "resolved": "1.1.1",
        "contentHash": "IaJGnOv/M7UQjRJks7B6p7pbPnOwisYGOIzqCz5ilGFTApZ3ktOR+6zJ12ZRPInulBmdAf1SrGdDG2MU8g6XTw==",
        "dependencies": {
          "Microsoft.Build.Tasks.Git": "1.1.1",
          "Microsoft.SourceLink.Common": "1.1.1"
        }
      },
      "MQTTnet": {
        "type": "Direct",
        "requested": "[4.1.1.318, )",
        "resolved": "4.1.1.318",
        "contentHash": "k1a7CGmWZv97hMuokI7hmqCqjs07/gJ+UtRKYYJkvph0wkSJBO0HAuLV8OOPPiM6BZnDYvy65/Y8EuNKjZqCng=="
      },
      "Microsoft.Build.Tasks.Git": {
        "type": "Transitive",
        "resolved": "1.1.1",
        "contentHash": "AT3HlgTjsqHnWpBHSNeR0KxbLZD7bztlZVj7I8vgeYG9SYqbeFGh0TM/KVtC6fg53nrWHl3VfZFvb5BiQFcY6Q=="
      },
      "Microsoft.CSharp": {
        "type": "Transitive",
        "resolved": "4.5.0",
        "contentHash": "kaj6Wb4qoMuH3HySFJhxwQfe8R/sJsNJnANrvv8WdFPMoNbKY5htfNscv+LHCu5ipz+49m2e+WQXpLXr9XYemQ=="
      },
      "Microsoft.Extensions.Configuration": {
        "type": "Transitive",
        "resolved": "7.0.0-rc.1.22426.10",
        "contentHash": "TipfznVbh160mQMYD4Dd9/1+1VIgeuKcCqU/WzXw9IA3Fu1YTy5rYU4h6EFXhHidPC6D+WJpUsoFuelVcn9+NA==",
        "dependencies": {
          "Microsoft.Extensions.Configuration.Abstractions": "7.0.0-rc.1.22426.10",
          "Microsoft.Extensions.Primitives": "7.0.0-rc.1.22426.10"
        }
      },
      "Microsoft.Extensions.Configuration.Abstractions": {
        "type": "Transitive",
        "resolved": "7.0.0-rc.1.22426.10",
        "contentHash": "jNGwbAX8UciQz29HwGAOLyHKYBPKW/3/roNPRd692qgi8LhaTkcl4hCF8sx4Io5s5mGxEBrNhh7jmyNRLCfxcw==",
        "dependencies": {
          "Microsoft.Extensions.Primitives": "7.0.0-rc.1.22426.10"
        }
      },
      "Microsoft.Extensions.Configuration.Binder": {
        "type": "Transitive",
        "resolved": "7.0.0-rc.1.22426.10",
        "contentHash": "EU9nucNlr+fm+QYtA1k3sLvlbuo8Ik3CnqdLN/4U3uuhgpArIdqjNF4tv/mFDDQFoXjuuxWWmVSs3Wm7BwL/pQ==",
        "dependencies": {
          "Microsoft.Extensions.Configuration.Abstractions": "7.0.0-rc.1.22426.10"
        }
      },
      "Microsoft.Extensions.Configuration.CommandLine": {
        "type": "Transitive",
        "resolved": "7.0.0-rc.1.22426.10",
        "contentHash": "MGL66Tf5Cm47Gfv7iTWZEoMzA3Nr5HXaS/j2YT4DlA+HEHl7KQJP3QXaJfHFAwaxmwt6lPshHaJZSnTD7XLY7g==",
        "dependencies": {
          "Microsoft.Extensions.Configuration": "7.0.0-rc.1.22426.10",
          "Microsoft.Extensions.Configuration.Abstractions": "7.0.0-rc.1.22426.10"
        }
      },
      "Microsoft.Extensions.Configuration.FileExtensions": {
        "type": "Transitive",
        "resolved": "7.0.0-rc.1.22426.10",
        "contentHash": "9m2P+b+Fvx/S7ayu9yZ/yDFx/Z8vbiKSodslVvfq+NB3wtI2c9nmnvun4qmRSrkFWldpLFixfGguCCu/Mc1Cwg==",
        "dependencies": {
          "Microsoft.Extensions.Configuration": "7.0.0-rc.1.22426.10",
          "Microsoft.Extensions.Configuration.Abstractions": "7.0.0-rc.1.22426.10",
          "Microsoft.Extensions.FileProviders.Abstractions": "7.0.0-rc.1.22426.10",
          "Microsoft.Extensions.FileProviders.Physical": "7.0.0-rc.1.22426.10",
          "Microsoft.Extensions.Primitives": "7.0.0-rc.1.22426.10"
        }
      },
      "Microsoft.Extensions.Configuration.Json": {
        "type": "Transitive",
        "resolved": "7.0.0-rc.1.22426.10",
        "contentHash": "QczRwZoe1g0w7ga3FjnwPo7JvblKiNgPXqnNuNMriXNZ4qlsV/2d7/pfY0jh2TiOR2IVpECfSC+Qz4e8T8i2fA==",
        "dependencies": {
          "Microsoft.Extensions.Configuration": "7.0.0-rc.1.22426.10",
          "Microsoft.Extensions.Configuration.Abstractions": "7.0.0-rc.1.22426.10",
          "Microsoft.Extensions.Configuration.FileExtensions": "7.0.0-rc.1.22426.10",
          "Microsoft.Extensions.FileProviders.Abstractions": "7.0.0-rc.1.22426.10",
          "System.Text.Json": "7.0.0-rc.1.22426.10"
        }
      },
      "Microsoft.Extensions.DependencyInjection": {
        "type": "Transitive",
        "resolved": "7.0.0-rc.1.22426.10",
        "contentHash": "P7COzZFQKK9YzxomJUl9zXOKkt+5JJ4BIwHl/sN7+gHWAGjY9bD3yqV0Vzf5moGahBVrvL7dWyX1AN2MeoL68g==",
        "dependencies": {
          "Microsoft.Extensions.DependencyInjection.Abstractions": "7.0.0-rc.1.22426.10"
        }
      },
      "Microsoft.Extensions.DependencyInjection.Abstractions": {
        "type": "Transitive",
        "resolved": "7.0.0-rc.1.22426.10",
        "contentHash": "DJfKuxPF9IF1BnFxpEYLLXthLg6QEXopGtxGfuSCc3/fWJdnwPwSCTA6DOl5LHtRHogJlq6haL3Ehh+RNVpW7Q=="
      },
      "Microsoft.Extensions.FileProviders.Abstractions": {
        "type": "Transitive",
        "resolved": "7.0.0-rc.1.22426.10",
        "contentHash": "IE55PAKh7EvPy3qhniDwYdChpvTWgzsFOXQCwmjfRMMxn2oyGTHhzHm2aVNhXmYM+LDwrGDuyG9P62ncUmDJ0Q==",
        "dependencies": {
          "Microsoft.Extensions.Primitives": "7.0.0-rc.1.22426.10"
        }
      },
      "Microsoft.Extensions.FileProviders.Physical": {
        "type": "Transitive",
        "resolved": "7.0.0-rc.1.22426.10",
        "contentHash": "vkwLlUhsUffGNMYlf2thqzCs44JD601sj6xyDETh3/u6DSb7PamcBsDnmXW8JA2zKbEc5W5YtHT8iKVtkHETbg==",
        "dependencies": {
          "Microsoft.Extensions.FileProviders.Abstractions": "7.0.0-rc.1.22426.10",
          "Microsoft.Extensions.FileSystemGlobbing": "7.0.0-rc.1.22426.10",
          "Microsoft.Extensions.Primitives": "7.0.0-rc.1.22426.10"
        }
      },
      "Microsoft.Extensions.FileSystemGlobbing": {
        "type": "Transitive",
        "resolved": "7.0.0-rc.1.22426.10",
        "contentHash": "TkPrnypXP4eLCMIHrCgKR2dB7vkDIHsTFbpcuAYaIb3IrNpLabuI/sUg9gzshfKJ627alrQrSVOBgRrz4VsK8w=="
      },
      "Microsoft.Extensions.Primitives": {
        "type": "Transitive",
        "resolved": "7.0.0-rc.1.22426.10",
        "contentHash": "BELLSkZWsX/Y4uNqbCiAnwBH5NnVfMAxs50SXUaV+edkO4rRJdskxHTLMgLCqtnTcy4UnWsERsnj/3zONGlogA==",
        "dependencies": {
          "System.Runtime.CompilerServices.Unsafe": "6.0.0"
        }
      },
      "Microsoft.IdentityModel.Abstractions": {
        "type": "Transitive",
        "resolved": "6.23.1",
        "contentHash": "LTUhLFzhzCEWUwhIgiYFAFAf8xxOg9VOZQgldiCiAHIejVfEiyG4a4sq00QVmwv9Wdig2uCHVQudaTSA3t+/7A=="
      },
      "Microsoft.IdentityModel.JsonWebTokens": {
        "type": "Transitive",
        "resolved": "6.23.1",
        "contentHash": "Tfa2g1b6wE9Ds3MG/LivoRjk9+FAiPE24kMpTK0vbUt03t44zfVNz9O1QU/yf6Ic5hfk+DrY9huPxg7EeTYBGg==",
        "dependencies": {
          "Microsoft.IdentityModel.Tokens": "6.23.1",
          "System.Text.Encoding": "4.3.0",
          "System.Text.Json": "4.7.2"
        }
      },
      "Microsoft.IdentityModel.Logging": {
        "type": "Transitive",
        "resolved": "6.23.1",
        "contentHash": "SF+1itC0kQDMvfo8jzWYfQ1mkt5CZsC8/KYMjt6N9LAP7sCCKdZkkJHgvat+DxTfZATBtcvJ6tGyEaiVR1ASUg==",
        "dependencies": {
          "Microsoft.IdentityModel.Abstractions": "6.23.1"
        }
      },
      "Microsoft.IdentityModel.Tokens": {
        "type": "Transitive",
        "resolved": "6.23.1",
        "contentHash": "hPPOGGIZRFl8QxZfc4Saa56Q4RrpBoT7E+VgW9qdHoiRm/ieh1aSaeXhp3uNh8EBkO92skiav2I4AUxwtBDHgA==",
        "dependencies": {
          "Microsoft.CSharp": "4.5.0",
          "Microsoft.IdentityModel.Logging": "6.23.1",
          "System.Security.Cryptography.Cng": "4.5.0"
        }
      },
      "Microsoft.NETCore.Platforms": {
        "type": "Transitive",
        "resolved": "2.0.0",
        "contentHash": "VdLJOCXhZaEMY7Hm2GKiULmn7IEPFE4XC5LPSfBVCUIA8YLZVh846gtfBJalsPQF2PlzdD7ecX7DZEulJ402ZQ=="
      },
      "Microsoft.NETCore.Targets": {
        "type": "Transitive",
        "resolved": "1.1.0",
        "contentHash": "aOZA3BWfz9RXjpzt0sRJJMjAscAUm3Hoa4UWAfceV9UTYxgwZ1lZt5nO2myFf+/jetYQo4uTP7zS8sJY67BBxg=="
      },
      "Microsoft.SourceLink.Common": {
        "type": "Transitive",
        "resolved": "1.1.1",
        "contentHash": "WMcGpWKrmJmzrNeuaEb23bEMnbtR/vLmvZtkAP5qWu7vQsY59GqfRJd65sFpBszbd2k/bQ8cs8eWawQKAabkVg=="
      },
      "Newtonsoft.Json": {
        "type": "Transitive",
        "resolved": "13.0.2-beta2",
        "contentHash": "4s+bY5Rv+i9PePsxf7JXzTCRq13fo53CHBrAp+Ud+4ARBn/RcNamADsQ0BXoBnWtlBGTCIGN4fPWMCSnpHdUvQ=="
      },
      "System.Configuration.ConfigurationManager": {
        "type": "Transitive",
        "resolved": "4.5.0",
        "contentHash": "UIFvaFfuKhLr9u5tWMxmVoDPkFeD+Qv8gUuap4aZgVGYSYMdERck4OhLN/2gulAc0nYTEigWXSJNNWshrmxnng==",
        "dependencies": {
          "System.Security.Cryptography.ProtectedData": "4.5.0",
          "System.Security.Permissions": "4.5.0"
        }
      },
      "System.IdentityModel.Tokens.Jwt": {
        "type": "Transitive",
        "resolved": "6.23.1",
        "contentHash": "f/bzIDc2ie8jIMprqM6icfy0JGZqaFxhiENjoDS1lQur/jjanrfzwo2xTcod0ADoILPi9RywfE8hI6Wg8BHxkw==",
        "dependencies": {
          "Microsoft.IdentityModel.JsonWebTokens": "6.23.1",
          "Microsoft.IdentityModel.Tokens": "6.23.1"
        }
      },
      "System.Runtime": {
        "type": "Transitive",
        "resolved": "4.3.0",
        "contentHash": "JufQi0vPQ0xGnAczR13AUFglDyVYt4Kqnz1AZaiKZ5+GICq0/1MH/mO/eAJHt/mHW1zjKBJd7kV26SrxddAhiw==",
        "dependencies": {
          "Microsoft.NETCore.Platforms": "1.1.0",
          "Microsoft.NETCore.Targets": "1.1.0"
        }
      },
      "System.Runtime.CompilerServices.Unsafe": {
        "type": "Transitive",
        "resolved": "6.0.0",
        "contentHash": "/iUeP3tq1S0XdNNoMz5C9twLSrM/TH+qElHkXWaPvuNOt+99G75NrV0OS2EqHx5wMN7popYjpc8oTjC1y16DLg=="
      },
      "System.Security.AccessControl": {
        "type": "Transitive",
        "resolved": "4.5.0",
        "contentHash": "vW8Eoq0TMyz5vAG/6ce483x/CP83fgm4SJe5P8Tb1tZaobcvPrbMEL7rhH1DRdrYbbb6F0vq3OlzmK0Pkwks5A==",
        "dependencies": {
          "Microsoft.NETCore.Platforms": "2.0.0",
          "System.Security.Principal.Windows": "4.5.0"
        }
      },
      "System.Security.Cryptography.Cng": {
        "type": "Transitive",
        "resolved": "4.5.0",
        "contentHash": "WG3r7EyjUe9CMPFSs6bty5doUqT+q9pbI80hlNzo2SkPkZ4VTuZkGWjpp77JB8+uaL4DFPRdBsAY+DX3dBK92A=="
      },
      "System.Security.Cryptography.ProtectedData": {
        "type": "Transitive",
        "resolved": "4.5.0",
        "contentHash": "wLBKzFnDCxP12VL9ANydSYhk59fC4cvOr9ypYQLPnAj48NQIhqnjdD2yhP8yEKyBJEjERWS9DisKL7rX5eU25Q=="
      },
      "System.Security.Permissions": {
        "type": "Transitive",
        "resolved": "4.5.0",
        "contentHash": "9gdyuARhUR7H+p5CjyUB/zPk7/Xut3wUSP8NJQB6iZr8L3XUXTMdoLeVAg9N4rqF8oIpE7MpdqHdDHQ7XgJe0g==",
        "dependencies": {
          "System.Security.AccessControl": "4.5.0"
        }
      },
      "System.Security.Principal.Windows": {
        "type": "Transitive",
        "resolved": "4.5.0",
        "contentHash": "U77HfRXlZlOeIXd//Yoj6Jnk8AXlbeisf1oq1os+hxOGVnuG+lGSfGqTwTZBoORFF6j/0q7HXIl8cqwQ9aUGqQ==",
        "dependencies": {
          "Microsoft.NETCore.Platforms": "2.0.0"
        }
      },
      "System.Text.Encoding": {
        "type": "Transitive",
        "resolved": "4.3.0",
        "contentHash": "BiIg+KWaSDOITze6jGQynxg64naAPtqGHBwDrLaCtixsa5bKiR8dpPOHA7ge3C0JJQizJE+sfkz1wV+BAKAYZw==",
        "dependencies": {
          "Microsoft.NETCore.Platforms": "1.1.0",
          "Microsoft.NETCore.Targets": "1.1.0",
          "System.Runtime": "4.3.0"
        }
      },
      "System.Text.Encodings.Web": {
        "type": "Transitive",
        "resolved": "7.0.0-rc.1.22426.10",
        "contentHash": "a7bPfGycEOz3UADZ1407Le4fodZZrhrcXUjs7MdQNR9OfKGO3iSSudwDiX6RUQ+D+rg1ANMUIuGbxx5yT3R5dA==",
        "dependencies": {
          "System.Runtime.CompilerServices.Unsafe": "6.0.0"
        }
      },
      "System.Text.Json": {
        "type": "Transitive",
        "resolved": "7.0.0-rc.1.22426.10",
        "contentHash": "wPjtxKQvr1d2uOVIfnErgHCBH/PTUOC6R3i/b06lmrv+OSQ/kmBow+tXNeThbuehQQEdAlb8f82Krs7KqZ135Q==",
        "dependencies": {
          "System.Runtime.CompilerServices.Unsafe": "6.0.0",
          "System.Text.Encodings.Web": "7.0.0-rc.1.22426.10"
        }
      },
      "opc.ua.pubsub.dotnet.binary": {
        "type": "Project",
        "dependencies": {
          "Newtonsoft.Json": "[13.0.2-beta2, )",
          "log4net": "[2.0.15, )"
        }
      },
      "opc.ua.pubsub.dotnet.client": {
        "type": "Project",
        "dependencies": {
          "MQTTnet": "[4.1.1.318, )",
          "Microsoft.Extensions.Configuration.Binder": "[7.0.0-rc.1.22426.10, )",
          "Microsoft.Extensions.Configuration.CommandLine": "[7.0.0-rc.1.22426.10, )",
          "Microsoft.Extensions.Configuration.Json": "[7.0.0-rc.1.22426.10, )",
          "Microsoft.Extensions.DependencyInjection": "[7.0.0-rc.1.22426.10, )",
          "Microsoft.IdentityModel.Tokens": "[6.23.1, )",
          "Newtonsoft.Json": "[13.0.2-beta2, )",
          "System.IdentityModel.Tokens.Jwt": "[6.23.1, )",
          "log4net": "[2.0.15, )",
          "opc.ua.pubsub.dotnet.binary": "[1.0.0, )"
        }
      }
    }
  }
}