{
  "version": 1,
  "dependencies": {
    ".NETFramework,Version=v4.8": {
      "GitVersionTask": {
        "type": "Direct",
        "requested": "[5.5.1, )",
        "resolved": "5.5.1",
        "contentHash": "eU5PgmGGLh8qFEufW6Y+NxanA4Qp1mDGOIuM59jf/0XJrSSZSJ2RwLacKNTh3lufduaF3nv6PS47G6UUOxNOdQ=="
      },
      "log4net": {
        "type": "Direct",
        "requested": "[2.0.12, )",
        "resolved": "2.0.12",
        "contentHash": "9P67BCftJ7KG+B7rNOM1A9KczUwyEDed6zbAddy5Cj/73xVkzi+rEAHeOgUnW5wDqy1JFlY8+oTP0m1PgJ03Tg=="
      },
      "opc.ua.pubsub.dotnet.binary": {
        "type": "Project"
      },
      "opc.ua.pubsub.dotnet.client": {
        "type": "Project"
      }
    },
    ".NETFramework,Version=v4.8/win": {}
  }
}