{
  "version": 1,
  "dependencies": {
    ".NETFramework,Version=v4.8": {
      "GitVersionTask": {
        "type": "Direct",
        "requested": "[5.5.1, )",
        "resolved": "5.5.1",
        "contentHash": "eU5PgmGGLh8qFEufW6Y+NxanA4Qp1mDGOIuM59jf/0XJrSSZSJ2RwLacKNTh3lufduaF3nv6PS47G6UUOxNOdQ=="
      },
      "log4net": {
        "type": "Direct",
        "requested": "[2.0.12, )",
        "resolved": "2.0.12",
        "contentHash": "9P67BCftJ7KG+B7rNOM1A9KczUwyEDed6zbAddy5Cj/73xVkzi+rEAHeOgUnW5wDqy1JFlY8+oTP0m1PgJ03Tg=="
      },
      "Microsoft.Bcl.AsyncInterfaces": {
        "type": "Transitive",
        "resolved": "1.1.1",
        "contentHash": "yuvf07qFWFqtK3P/MRkEKLhn5r2UbSpVueRziSqj0yJQIKFwG1pq9mOayK3zE5qZCTs0CbrwL9M6R8VwqyGy2w==",
        "dependencies": {
          "System.Threading.Tasks.Extensions": "4.5.4"
        }
      },
      "Microsoft.Extensions.Configuration": {
        "type": "Transitive",
        "resolved": "3.1.10",
        "contentHash": "HHBhCP3wAJe7UIXjim0wFXty0WG/rZAP3aZyy03uuaxiOOPHJjbUdY6K9qkfQuP+hsRzfiT+np5k4rFmcSo3og==",
        "dependencies": {
          "Microsoft.Extensions.Configuration.Abstractions": "3.1.10"
        }
      },
      "Microsoft.Extensions.Configuration.Abstractions": {
        "type": "Transitive",
        "resolved": "3.1.10",
        "contentHash": "UEfngyXt8XYhmekUza9JsWlA37pNOtZAjcK5EEKQrHo2LDKJmZVmcyAUFlkzCcf97OSr+w/MiDLifDDNQk9agw==",
        "dependencies": {
          "Microsoft.Extensions.Primitives": "3.1.10"
        }
      },
      "Microsoft.Extensions.Configuration.Binder": {
        "type": "Transitive",
        "resolved": "3.1.10",
        "contentHash": "B9nQBk0GZVkOgSB1oB9V/7kvxhBvLCqm2x4m8MIoSxrd9yga8MVq2HWqnai8zZdH1WL6OlOG5mCVrwgAVwNNJg==",
        "dependencies": {
          "Microsoft.Extensions.Configuration": "3.1.10"
        }
      },
      "Microsoft.Extensions.Configuration.CommandLine": {
        "type": "Transitive",
        "resolved": "3.1.10",
        "contentHash": "RsN2xbSa7Gre429++1G2DkdAgCvVIYmJxC2L+tRmGLe/R3FOt0zH8Vri7ZmZkoOxQXks2oxqEYdGeUa1u/2NtA==",
        "dependencies": {
          "Microsoft.Extensions.Configuration": "3.1.10"
        }
      },
      "Microsoft.Extensions.Configuration.FileExtensions": {
        "type": "Transitive",
        "resolved": "3.1.10",
        "contentHash": "9//fdlaFDxkfjYPgdwYySJCtjVNTYFqnqX07Oai0eendh+Jl/SfmSAwrXyMTNgRv+jWJ2fQs85MG0cK7nAoGdQ==",
        "dependencies": {
          "Microsoft.Extensions.Configuration": "3.1.10",
          "Microsoft.Extensions.FileProviders.Physical": "3.1.10"
        }
      },
      "Microsoft.Extensions.Configuration.Json": {
        "type": "Transitive",
        "resolved": "3.1.10",
        "contentHash": "HZRvVDPpYXYtZI2zA/xuzBeA7lOPXfhXNsPiMq3O7QhLuXIGoyeRN3Ssxh9uOA+wLjTQLZQVTmzQutTWwVyuvg==",
        "dependencies": {
          "Microsoft.Extensions.Configuration": "3.1.10",
          "Microsoft.Extensions.Configuration.FileExtensions": "3.1.10",
          "System.Text.Json": "4.7.2",
          "System.Threading.Tasks.Extensions": "4.5.4"
        }
      },
      "Microsoft.Extensions.DependencyInjection": {
        "type": "Transitive",
        "resolved": "3.1.10",
        "contentHash": "fla8hKhQmld2s/7arhUxlu3dzZLBFJLg4BQiQZdqKND4MlmnMU9jhoxY4MMlSYl6MtxumtwASHMJnuV9f96IQQ==",
        "dependencies": {
          "Microsoft.Bcl.AsyncInterfaces": "1.1.1",
          "Microsoft.Extensions.DependencyInjection.Abstractions": "3.1.10"
        }
      },
      "Microsoft.Extensions.DependencyInjection.Abstractions": {
        "type": "Transitive",
        "resolved": "3.1.10",
        "contentHash": "bhjtAN7Ix5WOAr47RK16Lr1l2eizSBMCYQSavkooZyf6Xdf8XWAYGWsGsPqUFOeeRxzhpRho051rXaLn5wskVw=="
      },
      "Microsoft.Extensions.FileProviders.Abstractions": {
        "type": "Transitive",
        "resolved": "3.1.10",
        "contentHash": "Pwu/7fpw1G7WjO1DxPmGfrw6ciruiLHH6k26uNex9Sn/s229uKcwds7GTBUAPbpoh4MI3qo21nqmLBo3N7gVfg==",
        "dependencies": {
          "Microsoft.Extensions.Primitives": "3.1.10"
        }
      },
      "Microsoft.Extensions.FileProviders.Physical": {
        "type": "Transitive",
        "resolved": "3.1.10",
        "contentHash": "5zIjKJGUtuBSvPSOZEiX1MnuOjSl9L4jv1+f24lO076wtZ6cBTQ34EN0jbwUYJgRX1C4ZgoSdwFZ1ZBSo61zxQ==",
        "dependencies": {
          "Microsoft.Extensions.FileProviders.Abstractions": "3.1.10",
          "Microsoft.Extensions.FileSystemGlobbing": "3.1.10"
        }
      },
      "Microsoft.Extensions.FileSystemGlobbing": {
        "type": "Transitive",
        "resolved": "3.1.10",
        "contentHash": "TzHIUBWnzsViPS/20DnC6wf5kXdRAUZlIYwTYOT9S6heuOA4Re//UmHWsDR3PusAzly5dkdDW0RV0dDZ2vEebQ=="
      },
      "Microsoft.Extensions.Primitives": {
        "type": "Transitive",
        "resolved": "3.1.10",
        "contentHash": "YDuQS3BeaVY6PCWUm5f6qFTYsxhwntQrcfwUzbohU/0rZBL5XI+UsD5SgggHKHX+rFY4laaT428q608Sw/mDsw==",
        "dependencies": {
          "System.Memory": "4.5.2",
          "System.Runtime.CompilerServices.Unsafe": "4.7.1"
        }
      },
      "Microsoft.IdentityModel.JsonWebTokens": {
        "type": "Transitive",
        "resolved": "5.5.0",
        "contentHash": "cT9SCW/dN+ulrvAtbh37c36DR6aArENH3S4UtFmvXRx+VGC0ArDgzRaEbEh+ChS4koxdl2oS691250iZhgKvwg==",
        "dependencies": {
          "Microsoft.IdentityModel.Tokens": "5.5.0",
          "Newtonsoft.Json": "10.0.1"
        }
      },
      "Microsoft.IdentityModel.Logging": {
        "type": "Transitive",
        "resolved": "5.5.0",
        "contentHash": "1w/Hz/7+al+ugQn+6y0tAPmpN8U0u1aBtl1QXYCVkiJfbCC4tgyroFOuhdztOq48rgeM+3JW9bGqOtkfVurW8w=="
      },
      "Microsoft.IdentityModel.Tokens": {
        "type": "Transitive",
        "resolved": "5.5.0",
        "contentHash": "cu1klZiuCwVYbXHs0QdnseuoRGG1/85VX9d1Sk0vbJlKp+HJUN/4pAS/fe2m9bTOYyIPdeCHeksMiVHgo1EfAA==",
        "dependencies": {
          "Microsoft.IdentityModel.Logging": "5.5.0",
          "Newtonsoft.Json": "10.0.1"
        }
      },
      "MQTTnet": {
        "type": "Transitive",
        "resolved": "3.0.14",
        "contentHash": "gZfHRBZ0uChhg/45t6chn5GlzXlhdQiXZyyZQ4GpshBdiViIwxirOcz5mnNJDwoUT0eUcUxp4XqrYlEwJ13ylg==",
        "dependencies": {
          "NETStandard.Library": "2.0.0",
          "System.Net.Security": "4.3.2",
          "System.Net.WebSockets": "4.3.0",
          "System.Net.WebSockets.Client": "4.3.2"
        }
      },
      "Newtonsoft.Json": {
        "type": "Transitive",
        "resolved": "12.0.3",
        "contentHash": "6mgjfnRB4jKMlzHSl+VD+oUc1IebOZabkbyWj2RiTgWwYPPuaK1H97G1sHqGwPlS5npiF5Q0OrxN1wni2n5QWg=="
      },
      "System.Buffers": {
        "type": "Transitive",
        "resolved": "4.5.1",
        "contentHash": "Rw7ijyl1qqRS0YQD/WycNst8hUUMgrMH4FCn1nNm27M4VxchZ1js3fVjQaANHO5f3sN4isvP4a+Met9Y4YomAg=="
      },
      "System.IdentityModel.Tokens.Jwt": {
        "type": "Transitive",
        "resolved": "5.5.0",
        "contentHash": "xa8kptJ+uf9hzj366f3pLcs5HFZ6dQMDKzEGq/yZNF0s3mVfyIhuQwgDcTJlAU4AROne/6Z5+vITwrW3gVNKIA==",
        "dependencies": {
          "Microsoft.IdentityModel.JsonWebTokens": "5.5.0",
          "Microsoft.IdentityModel.Tokens": "5.5.0",
          "Newtonsoft.Json": "10.0.1"
        }
      },
      "System.IO": {
        "type": "Transitive",
        "resolved": "4.3.0",
        "contentHash": "3qjaHvxQPDpSOYICjUoTsmoq5u6QJAFRUITgeT/4gqkF1bajbSmb1kwSxEA8AHlofqgcKJcM8udgieRNhaJ5Cg=="
      },
      "System.Memory": {
        "type": "Transitive",
        "resolved": "4.5.4",
        "contentHash": "1MbJTHS1lZ4bS4FmsJjnuGJOu88ZzTT2rLvrhW7Ygic+pC0NWA+3hgAen0HRdsocuQXCkUTdFn9yHJJhsijDXw==",
        "dependencies": {
          "System.Buffers": "4.5.1",
          "System.Numerics.Vectors": "4.5.0",
          "System.Runtime.CompilerServices.Unsafe": "4.5.3"
        }
      },
      "System.Net.Security": {
        "type": "Transitive",
        "resolved": "4.3.2",
        "contentHash": "xT2jbYpbBo3ha87rViHoTA6WdvqOAW37drmqyx/6LD8p7HEPT2qgdxoimRzWtPg8Jh4X5G9BV2seeTv4x6FYlA==",
        "dependencies": {
          "System.Security.Cryptography.X509Certificates": "4.3.0"
        }
      },
      "System.Net.WebSockets": {
        "type": "Transitive",
        "resolved": "4.3.0",
        "contentHash": "u6fFNY5q4T8KerUAVbya7bR6b7muBuSTAersyrihkcmE5QhEOiH3t5rh4il15SexbVlpXFHGuMwr/m8fDrnkQg=="
      },
      "System.Net.WebSockets.Client": {
        "type": "Transitive",
        "resolved": "4.3.2",
        "contentHash": "LqSrocFY47SxEmu1fYWbUmXcFJ2B/PqnMtc6zudOTUhNINgo75hgmoHv46ynkJLmqjkpxPzl251SGWHc+jofFQ==",
        "dependencies": {
          "System.Net.WebSockets": "4.3.0",
          "System.Security.Cryptography.X509Certificates": "4.3.0"
        }
      },
      "System.Numerics.Vectors": {
        "type": "Transitive",
        "resolved": "4.5.0",
        "contentHash": "QQTlPTl06J/iiDbJCiepZ4H//BVraReU4O4EoRw1U02H5TLUIT7xn3GnDp9AXPSlJUDyFs4uWjWafNX6WrAojQ=="
      },
      "System.Runtime": {
        "type": "Transitive",
        "resolved": "4.3.0",
        "contentHash": "JufQi0vPQ0xGnAczR13AUFglDyVYt4Kqnz1AZaiKZ5+GICq0/1MH/mO/eAJHt/mHW1zjKBJd7kV26SrxddAhiw=="
      },
      "System.Runtime.CompilerServices.Unsafe": {
        "type": "Transitive",
        "resolved": "4.7.1",
        "contentHash": "zOHkQmzPCn5zm/BH+cxC1XbUS3P4Yoi3xzW7eRgVpDR2tPGSzyMZ17Ig1iRkfJuY0nhxkQQde8pgePNiA7z7TQ=="
      },
      "System.Security.Cryptography.Algorithms": {
        "type": "Transitive",
        "resolved": "4.3.0",
        "contentHash": "W1kd2Y8mYSCgc3ULTAZ0hOP2dSdG5YauTb1089T0/kRcN2MpSAW1izOFROrJgxSlMn3ArsgHXagigyi+ibhevg==",
        "dependencies": {
          "System.IO": "4.3.0",
          "System.Runtime": "4.3.0",
          "System.Security.Cryptography.Encoding": "4.3.0",
          "System.Security.Cryptography.Primitives": "4.3.0"
        }
      },
      "System.Security.Cryptography.Encoding": {
        "type": "Transitive",
        "resolved": "4.3.0",
        "contentHash": "1DEWjZZly9ae9C79vFwqaO5kaOlI5q+3/55ohmq/7dpDyDfc8lYe7YVxJUZ5MF/NtbkRjwFRo14yM4OEo9EmDw=="
      },
      "System.Security.Cryptography.Primitives": {
        "type": "Transitive",
        "resolved": "4.3.0",
        "contentHash": "7bDIyVFNL/xKeFHjhobUAQqSpJq9YTOpbEs6mR233Et01STBMXNAc/V+BM6dwYGc95gVh/Zf+iVXWzj3mE8DWg=="
      },
      "System.Security.Cryptography.X509Certificates": {
        "type": "Transitive",
        "resolved": "4.3.0",
        "contentHash": "t2Tmu6Y2NtJ2um0RtcuhP7ZdNNxXEgUm2JeoA/0NvlMjAhKCnM1NX07TDl3244mVp3QU6LPEhT3HTtH1uF7IYw==",
        "dependencies": {
          "System.Security.Cryptography.Algorithms": "4.3.0",
          "System.Security.Cryptography.Encoding": "4.3.0"
        }
      },
      "System.Text.Encodings.Web": {
        "type": "Transitive",
        "resolved": "4.7.1",
        "contentHash": "3qreYFQcLnyFk1LuaNWyyWE+sfkfe5eSTaIIssYrLNUIDbgyZNQBYQSzSDo4AprpjVeVX2T4KHKii9fiSZVUow==",
        "dependencies": {
          "System.Memory": "4.5.4"
        }
      },
      "System.Text.Json": {
        "type": "Transitive",
        "resolved": "4.7.2",
        "contentHash": "TcMd95wcrubm9nHvJEQs70rC0H/8omiSGGpU4FQ/ZA1URIqD4pjmFJh2Mfv1yH1eHgJDWTi2hMDXwTET+zOOyg==",
        "dependencies": {
          "Microsoft.Bcl.AsyncInterfaces": "1.1.0",
          "System.Buffers": "4.5.1",
          "System.Memory": "4.5.4",
          "System.Numerics.Vectors": "4.5.0",
          "System.Runtime.CompilerServices.Unsafe": "4.7.1",
          "System.Text.Encodings.Web": "4.7.1",
          "System.Threading.Tasks.Extensions": "4.5.4",
          "System.ValueTuple": "4.5.0"
        }
      },
      "System.Threading.Tasks.Extensions": {
        "type": "Transitive",
        "resolved": "4.5.4",
        "contentHash": "zteT+G8xuGu6mS+mzDzYXbzS7rd3K6Fjb9RiZlYlJPam2/hU7JCBZBVEcywNuR+oZ1ncTvc/cq0faRr3P01OVg==",
        "dependencies": {
          "System.Runtime.CompilerServices.Unsafe": "4.5.3"
        }
      },
      "System.ValueTuple": {
        "type": "Transitive",
        "resolved": "4.5.0",
        "contentHash": "okurQJO6NRE/apDIP23ajJ0hpiNmJ+f0BwOlB/cSqTLQlw5upkf+5+96+iG2Jw40G1fCVCyPz/FhIABUjMR+RQ=="
      },
      "opc.ua.pubsub.dotnet.binary": {
        "type": "Project",
        "dependencies": {
          "Newtonsoft.Json": "12.0.3",
          "log4net": "2.0.12"
        }
      },
      "opc.ua.pubsub.dotnet.client": {
        "type": "Project",
        "dependencies": {
          "MQTTnet": "3.0.14",
          "Microsoft.Extensions.Configuration.Binder": "3.1.10",
          "Microsoft.Extensions.Configuration.CommandLine": "3.1.10",
          "Microsoft.Extensions.Configuration.Json": "3.1.10",
          "Microsoft.Extensions.DependencyInjection": "3.1.10",
          "Microsoft.IdentityModel.Tokens": "5.5.0",
          "Newtonsoft.Json": "12.0.3",
          "System.IdentityModel.Tokens.Jwt": "5.5.0",
          "log4net": "2.0.12",
          "opc.ua.pubsub.dotnet.binary": "1.0.0"
        }
      }
    },
    ".NETFramework,Version=v4.8/win": {
      "System.Net.Security": {
        "type": "Transitive",
        "resolved": "4.3.2",
        "contentHash": "xT2jbYpbBo3ha87rViHoTA6WdvqOAW37drmqyx/6LD8p7HEPT2qgdxoimRzWtPg8Jh4X5G9BV2seeTv4x6FYlA==",
        "dependencies": {
          "System.Security.Cryptography.X509Certificates": "4.3.0"
        }
      },
      "System.Net.WebSockets.Client": {
        "type": "Transitive",
        "resolved": "4.3.2",
        "contentHash": "LqSrocFY47SxEmu1fYWbUmXcFJ2B/PqnMtc6zudOTUhNINgo75hgmoHv46ynkJLmqjkpxPzl251SGWHc+jofFQ==",
        "dependencies": {
          "System.Net.WebSockets": "4.3.0",
          "System.Security.Cryptography.X509Certificates": "4.3.0"
        }
      },
      "System.Security.Cryptography.Algorithms": {
        "type": "Transitive",
        "resolved": "4.3.0",
        "contentHash": "W1kd2Y8mYSCgc3ULTAZ0hOP2dSdG5YauTb1089T0/kRcN2MpSAW1izOFROrJgxSlMn3ArsgHXagigyi+ibhevg==",
        "dependencies": {
          "System.IO": "4.3.0",
          "System.Runtime": "4.3.0",
          "System.Security.Cryptography.Encoding": "4.3.0",
          "System.Security.Cryptography.Primitives": "4.3.0"
        }
      },
      "System.Security.Cryptography.Encoding": {
        "type": "Transitive",
        "resolved": "4.3.0",
        "contentHash": "1DEWjZZly9ae9C79vFwqaO5kaOlI5q+3/55ohmq/7dpDyDfc8lYe7YVxJUZ5MF/NtbkRjwFRo14yM4OEo9EmDw=="
      },
      "System.Security.Cryptography.X509Certificates": {
        "type": "Transitive",
        "resolved": "4.3.0",
        "contentHash": "t2Tmu6Y2NtJ2um0RtcuhP7ZdNNxXEgUm2JeoA/0NvlMjAhKCnM1NX07TDl3244mVp3QU6LPEhT3HTtH1uF7IYw==",
        "dependencies": {
          "System.Security.Cryptography.Algorithms": "4.3.0",
          "System.Security.Cryptography.Encoding": "4.3.0"
        }
      }
    }
  }
}