{
  "version": 1,
  "dependencies": {
    ".NETCoreApp,Version=v5.0": {
      "log4net": {
        "type": "Transitive",
        "resolved": "2.0.12",
        "contentHash": "9P67BCftJ7KG+B7rNOM1A9KczUwyEDed6zbAddy5Cj/73xVkzi+rEAHeOgUnW5wDqy1JFlY8+oTP0m1PgJ03Tg==",
        "dependencies": {
          "System.Configuration.ConfigurationManager": "4.5.0"
        }
      },
      "Microsoft.Extensions.Configuration": {
        "type": "Transitive",
        "resolved": "3.1.10",
        "contentHash": "HHBhCP3wAJe7UIXjim0wFXty0WG/rZAP3aZyy03uuaxiOOPHJjbUdY6K9qkfQuP+hsRzfiT+np5k4rFmcSo3og==",
        "dependencies": {
          "Microsoft.Extensions.Configuration.Abstractions": "3.1.10"
        }
      },
      "Microsoft.Extensions.Configuration.Abstractions": {
        "type": "Transitive",
        "resolved": "3.1.10",
        "contentHash": "UEfngyXt8XYhmekUza9JsWlA37pNOtZAjcK5EEKQrHo2LDKJmZVmcyAUFlkzCcf97OSr+w/MiDLifDDNQk9agw==",
        "dependencies": {
          "Microsoft.Extensions.Primitives": "3.1.10"
        }
      },
      "Microsoft.Extensions.Configuration.Binder": {
        "type": "Transitive",
        "resolved": "3.1.10",
        "contentHash": "B9nQBk0GZVkOgSB1oB9V/7kvxhBvLCqm2x4m8MIoSxrd9yga8MVq2HWqnai8zZdH1WL6OlOG5mCVrwgAVwNNJg==",
        "dependencies": {
          "Microsoft.Extensions.Configuration": "3.1.10"
        }
      },
      "Microsoft.Extensions.Configuration.CommandLine": {
        "type": "Transitive",
        "resolved": "3.1.10",
        "contentHash": "RsN2xbSa7Gre429++1G2DkdAgCvVIYmJxC2L+tRmGLe/R3FOt0zH8Vri7ZmZkoOxQXks2oxqEYdGeUa1u/2NtA==",
        "dependencies": {
          "Microsoft.Extensions.Configuration": "3.1.10"
        }
      },
      "Microsoft.Extensions.Configuration.FileExtensions": {
        "type": "Transitive",
        "resolved": "3.1.10",
        "contentHash": "9//fdlaFDxkfjYPgdwYySJCtjVNTYFqnqX07Oai0eendh+Jl/SfmSAwrXyMTNgRv+jWJ2fQs85MG0cK7nAoGdQ==",
        "dependencies": {
          "Microsoft.Extensions.Configuration": "3.1.10",
          "Microsoft.Extensions.FileProviders.Physical": "3.1.10"
        }
      },
      "Microsoft.Extensions.Configuration.Json": {
        "type": "Transitive",
        "resolved": "3.1.10",
        "contentHash": "HZRvVDPpYXYtZI2zA/xuzBeA7lOPXfhXNsPiMq3O7QhLuXIGoyeRN3Ssxh9uOA+wLjTQLZQVTmzQutTWwVyuvg==",
        "dependencies": {
          "Microsoft.Extensions.Configuration": "3.1.10",
          "Microsoft.Extensions.Configuration.FileExtensions": "3.1.10"
        }
      },
      "Microsoft.Extensions.DependencyInjection": {
        "type": "Transitive",
        "resolved": "3.1.10",
        "contentHash": "fla8hKhQmld2s/7arhUxlu3dzZLBFJLg4BQiQZdqKND4MlmnMU9jhoxY4MMlSYl6MtxumtwASHMJnuV9f96IQQ==",
        "dependencies": {
          "Microsoft.Extensions.DependencyInjection.Abstractions": "3.1.10"
        }
      },
      "Microsoft.Extensions.DependencyInjection.Abstractions": {
        "type": "Transitive",
        "resolved": "3.1.10",
        "contentHash": "bhjtAN7Ix5WOAr47RK16Lr1l2eizSBMCYQSavkooZyf6Xdf8XWAYGWsGsPqUFOeeRxzhpRho051rXaLn5wskVw=="
      },
      "Microsoft.Extensions.FileProviders.Abstractions": {
        "type": "Transitive",
        "resolved": "3.1.10",
        "contentHash": "Pwu/7fpw1G7WjO1DxPmGfrw6ciruiLHH6k26uNex9Sn/s229uKcwds7GTBUAPbpoh4MI3qo21nqmLBo3N7gVfg==",
        "dependencies": {
          "Microsoft.Extensions.Primitives": "3.1.10"
        }
      },
      "Microsoft.Extensions.FileProviders.Physical": {
        "type": "Transitive",
        "resolved": "3.1.10",
        "contentHash": "5zIjKJGUtuBSvPSOZEiX1MnuOjSl9L4jv1+f24lO076wtZ6cBTQ34EN0jbwUYJgRX1C4ZgoSdwFZ1ZBSo61zxQ==",
        "dependencies": {
          "Microsoft.Extensions.FileProviders.Abstractions": "3.1.10",
          "Microsoft.Extensions.FileSystemGlobbing": "3.1.10"
        }
      },
      "Microsoft.Extensions.FileSystemGlobbing": {
        "type": "Transitive",
        "resolved": "3.1.10",
        "contentHash": "TzHIUBWnzsViPS/20DnC6wf5kXdRAUZlIYwTYOT9S6heuOA4Re//UmHWsDR3PusAzly5dkdDW0RV0dDZ2vEebQ=="
      },
      "Microsoft.Extensions.Primitives": {
        "type": "Transitive",
        "resolved": "3.1.10",
        "contentHash": "YDuQS3BeaVY6PCWUm5f6qFTYsxhwntQrcfwUzbohU/0rZBL5XI+UsD5SgggHKHX+rFY4laaT428q608Sw/mDsw=="
      },
      "Microsoft.IdentityModel.JsonWebTokens": {
        "type": "Transitive",
        "resolved": "5.5.0",
        "contentHash": "cT9SCW/dN+ulrvAtbh37c36DR6aArENH3S4UtFmvXRx+VGC0ArDgzRaEbEh+ChS4koxdl2oS691250iZhgKvwg==",
        "dependencies": {
          "Microsoft.IdentityModel.Tokens": "5.5.0",
          "Newtonsoft.Json": "10.0.1"
        }
      },
      "Microsoft.IdentityModel.Logging": {
        "type": "Transitive",
        "resolved": "5.5.0",
        "contentHash": "1w/Hz/7+al+ugQn+6y0tAPmpN8U0u1aBtl1QXYCVkiJfbCC4tgyroFOuhdztOq48rgeM+3JW9bGqOtkfVurW8w=="
      },
      "Microsoft.IdentityModel.Tokens": {
        "type": "Transitive",
        "resolved": "5.5.0",
        "contentHash": "cu1klZiuCwVYbXHs0QdnseuoRGG1/85VX9d1Sk0vbJlKp+HJUN/4pAS/fe2m9bTOYyIPdeCHeksMiVHgo1EfAA==",
        "dependencies": {
          "Microsoft.IdentityModel.Logging": "5.5.0",
          "Newtonsoft.Json": "10.0.1",
          "System.Security.Cryptography.Cng": "4.5.0"
        }
      },
      "Microsoft.NETCore.Platforms": {
        "type": "Transitive",
        "resolved": "2.0.0",
        "contentHash": "VdLJOCXhZaEMY7Hm2GKiULmn7IEPFE4XC5LPSfBVCUIA8YLZVh846gtfBJalsPQF2PlzdD7ecX7DZEulJ402ZQ=="
      },
      "MQTTnet": {
        "type": "Transitive",
        "resolved": "3.0.16",
        "contentHash": "xzqmKwVjTpT/X5zoLuhBCHmYVSRAlxeXqExvHLqfbt5OfTHfrD/q62IteJbOtlNG/SepeRpm76dYUZSU5o8y1A=="
      },
      "Newtonsoft.Json": {
        "type": "Transitive",
        "resolved": "12.0.3",
        "contentHash": "6mgjfnRB4jKMlzHSl+VD+oUc1IebOZabkbyWj2RiTgWwYPPuaK1H97G1sHqGwPlS5npiF5Q0OrxN1wni2n5QWg=="
      },
      "System.Configuration.ConfigurationManager": {
        "type": "Transitive",
        "resolved": "4.5.0",
        "contentHash": "UIFvaFfuKhLr9u5tWMxmVoDPkFeD+Qv8gUuap4aZgVGYSYMdERck4OhLN/2gulAc0nYTEigWXSJNNWshrmxnng==",
        "dependencies": {
          "System.Security.Cryptography.ProtectedData": "4.5.0",
          "System.Security.Permissions": "4.5.0"
        }
      },
      "System.IdentityModel.Tokens.Jwt": {
        "type": "Transitive",
        "resolved": "5.5.0",
        "contentHash": "xa8kptJ+uf9hzj366f3pLcs5HFZ6dQMDKzEGq/yZNF0s3mVfyIhuQwgDcTJlAU4AROne/6Z5+vITwrW3gVNKIA==",
        "dependencies": {
          "Microsoft.IdentityModel.JsonWebTokens": "5.5.0",
          "Microsoft.IdentityModel.Tokens": "5.5.0",
          "Newtonsoft.Json": "10.0.1"
        }
      },
      "System.Security.AccessControl": {
        "type": "Transitive",
        "resolved": "4.5.0",
        "contentHash": "vW8Eoq0TMyz5vAG/6ce483x/CP83fgm4SJe5P8Tb1tZaobcvPrbMEL7rhH1DRdrYbbb6F0vq3OlzmK0Pkwks5A==",
        "dependencies": {
          "Microsoft.NETCore.Platforms": "2.0.0",
          "System.Security.Principal.Windows": "4.5.0"
        }
      },
      "System.Security.Cryptography.Cng": {
        "type": "Transitive",
        "resolved": "4.5.0",
        "contentHash": "WG3r7EyjUe9CMPFSs6bty5doUqT+q9pbI80hlNzo2SkPkZ4VTuZkGWjpp77JB8+uaL4DFPRdBsAY+DX3dBK92A=="
      },
      "System.Security.Cryptography.ProtectedData": {
        "type": "Transitive",
        "resolved": "4.5.0",
        "contentHash": "wLBKzFnDCxP12VL9ANydSYhk59fC4cvOr9ypYQLPnAj48NQIhqnjdD2yhP8yEKyBJEjERWS9DisKL7rX5eU25Q=="
      },
      "System.Security.Permissions": {
        "type": "Transitive",
        "resolved": "4.5.0",
        "contentHash": "9gdyuARhUR7H+p5CjyUB/zPk7/Xut3wUSP8NJQB6iZr8L3XUXTMdoLeVAg9N4rqF8oIpE7MpdqHdDHQ7XgJe0g==",
        "dependencies": {
          "System.Security.AccessControl": "4.5.0"
        }
      },
      "System.Security.Principal.Windows": {
        "type": "Transitive",
        "resolved": "4.5.0",
        "contentHash": "U77HfRXlZlOeIXd//Yoj6Jnk8AXlbeisf1oq1os+hxOGVnuG+lGSfGqTwTZBoORFF6j/0q7HXIl8cqwQ9aUGqQ==",
        "dependencies": {
          "Microsoft.NETCore.Platforms": "2.0.0"
        }
      },
      "opc.ua.pubsub.dotnet.binary": {
        "type": "Project",
        "dependencies": {
          "Newtonsoft.Json": "12.0.3",
          "log4net": "2.0.12"
        }
      },
      "opc.ua.pubsub.dotnet.client": {
        "type": "Project",
        "dependencies": {
          "MQTTnet": "3.0.16",
          "Microsoft.Extensions.Configuration.Binder": "3.1.10",
          "Microsoft.Extensions.Configuration.CommandLine": "3.1.10",
          "Microsoft.Extensions.Configuration.Json": "3.1.10",
          "Microsoft.Extensions.DependencyInjection": "3.1.10",
          "Microsoft.IdentityModel.Tokens": "5.5.0",
          "Newtonsoft.Json": "12.0.3",
          "System.IdentityModel.Tokens.Jwt": "5.5.0",
          "log4net": "2.0.12",
          "opc.ua.pubsub.dotnet.binary": "1.0.0"
        }
      }
    }
  }
}